
Microsoft Visual Studio Solution File, Format Version 12.00
# Visual Studio Version 17
VisualStudioVersion = 17.14.36518.9 d17.14
MinimumVisualStudioVersion = 10.0.40219.1
Project("{FAE04EC0-301F-11D3-BF4B-00C04F79EFBC}") = "S3-upload-api", "S3-upload-api\S3-upload-api.csproj", "{6E9F89A7-36C8-4533-9A2E-3ACA7B15A857}"
EndProject
Global
	GlobalSection(SolutionConfigurationPlatforms) = preSolution
		Debug|Any CPU = Debug|Any CPU
		Release|Any CPU = Release|Any CPU
	EndGlobalSection
	GlobalSection(ProjectConfigurationPlatforms) = postSolution
		{6E9F89A7-36C8-4533-9A2E-3ACA7B15A857}.Debug|Any CPU.ActiveCfg = Debug|Any CPU
		{6E9F89A7-36C8-4533-9A2E-3ACA7B15A857}.Debug|Any CPU.Build.0 = Debug|Any CPU
		{6E9F89A7-36C8-4533-9A2E-3ACA7B15A857}.Release|Any CPU.ActiveCfg = Release|Any CPU
		{6E9F89A7-36C8-4533-9A2E-3ACA7B15A857}.Release|Any CPU.Build.0 = Release|Any CPU
	EndGlobalSection
	GlobalSection(SolutionProperties) = preSolution
		HideSolutionNode = FALSE
	EndGlobalSection
	GlobalSection(ExtensibilityGlobals) = postSolution
		SolutionGuid = {161A8096-629F-4A7E-90BB-7EBFADBC8D5A}
	EndGlobalSection
EndGlobal
